// !$*UTF8*$!
{
	archiveVersion = 1;
	classes = {
	};
	objectVersion = 50;
	objects = {

/* Begin PBXBuildFile section */
		223814F624EDEF1500BA5EDB /* AboutViewController.swift in Sources */ = {isa = PBXBuildFile; fileRef = 223814F524EDEF1500BA5EDB /* AboutViewController.swift */; };
		22A9E10124EF40DB00F3DDB1 /* BullsEye.html in Resources */ = {isa = PBXBuildFile; fileRef = 22A9E10024EF40DB00F3DDB1 /* BullsEye.html */; };
		22A9E10424EF476500F3DDB1 /* WebKit.framework in Frameworks */ = {isa = PBXBuildFile; fileRef = 22A9E10324EF476500F3DDB1 /* WebKit.framework */; };
		22BD8C6624EB40D20086810B /* AppDelegate.swift in Sources */ = {isa = PBXBuildFile; fileRef = 22BD8C6524EB40D20086810B /* AppDelegate.swift */; };
		22BD8C6824EB40D20086810B /* SceneDelegate.swift in Sources */ = {isa = PBXBuildFile; fileRef = 22BD8C6724EB40D20086810B /* SceneDelegate.swift */; };
		22BD8C6A24EB40D20086810B /* ViewController.swift in Sources */ = {isa = PBXBuildFile; fileRef = 22BD8C6924EB40D20086810B /* ViewController.swift */; };
		22BD8C6D24EB40D20086810B /* Main.storyboard in Resources */ = {isa = PBXBuildFile; fileRef = 22BD8C6B24EB40D20086810B /* Main.storyboard */; };
		22BD8C6F24EB40D30086810B /* Assets.xcassets in Resources */ = {isa = PBXBuildFile; fileRef = 22BD8C6E24EB40D30086810B /* Assets.xcassets */; };
		22BD8C7224EB40D30086810B /* LaunchScreen.storyboard in Resources */ = {isa = PBXBuildFile; fileRef = 22BD8C7024EB40D30086810B /* LaunchScreen.storyboard */; };
/* End PBXBuildFile section */

/* Begin PBXFileReference section */
		223814F524EDEF1500BA5EDB /* AboutViewController.swift */ = {isa = PBXFileReference; lastKnownFileType = sourcecode.swift; path = AboutViewController.swift; sourceTree = "<group>"; };
		22A9E10024EF40DB00F3DDB1 /* BullsEye.html */ = {isa = PBXFileReference; fileEncoding = 4; lastKnownFileType = text.html; path = BullsEye.html; sourceTree = "<group>"; };
		22A9E10324EF476500F3DDB1 /* WebKit.framework */ = {isa = PBXFileReference; lastKnownFileType = wrapper.framework; name = WebKit.framework; path = System/Library/Frameworks/WebKit.framework; sourceTree = SDKROOT; };
		22BD8C6224EB40D20086810B /* Bull's Eye.app */ = {isa = PBXFileReference; explicitFileType = wrapper.application; includeInIndex = 0; path = "Bull's Eye.app"; sourceTree = BUILT_PRODUCTS_DIR; };
		22BD8C6524EB40D20086810B /* AppDelegate.swift */ = {isa = PBXFileReference; lastKnownFileType = sourcecode.swift; path = AppDelegate.swift; sourceTree = "<group>"; };
		22BD8C6724EB40D20086810B /* SceneDelegate.swift */ = {isa = PBXFileReference; lastKnownFileType = sourcecode.swift; path = SceneDelegate.swift; sourceTree = "<group>"; };
		22BD8C6924EB40D20086810B /* ViewController.swift */ = {isa = PBXFileReference; lastKnownFileType = sourcecode.swift; path = ViewController.swift; sourceTree = "<group>"; };
		22BD8C6C24EB40D20086810B /* Base */ = {isa = PBXFileReference; lastKnownFileType = file.storyboard; name = Base; path = Base.lproj/Main.storyboard; sourceTree = "<group>"; };
		22BD8C6E24EB40D30086810B /* Assets.xcassets */ = {isa = PBXFileReference; lastKnownFileType = folder.assetcatalog; path = Assets.xcassets; sourceTree = "<group>"; };
		22BD8C7124EB40D30086810B /* Base */ = {isa = PBXFileReference; lastKnownFileType = file.storyboard; name = Base; path = Base.lproj/LaunchScreen.storyboard; sourceTree = "<group>"; };
		22BD8C7324EB40D30086810B /* Info.plist */ = {isa = PBXFileReference; lastKnownFileType = text.plist.xml; path = Info.plist; sourceTree = "<group>"; };
/* End PBXFileReference section */

/* Begin PBXFrameworksBuildPhase section */
		22BD8C5F24EB40D20086810B /* Frameworks */ = {
			isa = PBXFrameworksBuildPhase;
			buildActionMask = 2147483647;
			files = (
				22A9E10424EF476500F3DDB1 /* WebKit.framework in Frameworks */,
			);
			runOnlyForDeploymentPostprocessing = 0;
		};
/* End PBXFrameworksBuildPhase section */

/* Begin PBXGroup section */
		22A9E10224EF476500F3DDB1 /* Frameworks */ = {
			isa = PBXGroup;
			children = (
				22A9E10324EF476500F3DDB1 /* WebKit.framework */,
			);
			name = Frameworks;
			sourceTree = "<group>";
		};
		22BD8C5924EB40D20086810B = {
			isa = PBXGroup;
			children = (
				22BD8C6424EB40D20086810B /* BullsEye */,
				22BD8C6324EB40D20086810B /* Products */,
				22A9E10224EF476500F3DDB1 /* Frameworks */,
			);
			sourceTree = "<group>";
		};
		22BD8C6324EB40D20086810B /* Products */ = {
			isa = PBXGroup;
			children = (
				22BD8C6224EB40D20086810B /* Bull's Eye.app */,
			);
			name = Products;
			sourceTree = "<group>";
		};
		22BD8C6424EB40D20086810B /* BullsEye */ = {
			isa = PBXGroup;
			children = (
				22BD8C6524EB40D20086810B /* AppDelegate.swift */,
				22BD8C6724EB40D20086810B /* SceneDelegate.swift */,
				22BD8C6924EB40D20086810B /* ViewController.swift */,
				22BD8C6B24EB40D20086810B /* Main.storyboard */,
				223814F524EDEF1500BA5EDB /* AboutViewController.swift */,
				22BD8C6E24EB40D30086810B /* Assets.xcassets */,
				22BD8C7024EB40D30086810B /* LaunchScreen.storyboard */,
				22BD8C7324EB40D30086810B /* Info.plist */,
				22A9E10024EF40DB00F3DDB1 /* BullsEye.html */,
			);
			path = BullsEye;
			sourceTree = "<group>";
		};
/* End PBXGroup section */

/* Begin PBXNativeTarget section */
		22BD8C6124EB40D20086810B /* BullsEye */ = {
			isa = PBXNativeTarget;
			buildConfigurationList = 22BD8C7624EB40D30086810B /* Build configuration list for PBXNativeTarget "BullsEye" */;
			buildPhases = (
				22BD8C5E24EB40D20086810B /* Sources */,
				22BD8C5F24EB40D20086810B /* Frameworks */,
				22BD8C6024EB40D20086810B /* Resources */,
			);
			buildRules = (
			);
			dependencies = (
			);
			name = BullsEye;
			productName = BullsEye;
			productReference = 22BD8C6224EB40D20086810B /* Bull's Eye.app */;
			productType = "com.apple.product-type.application";
		};
/* End PBXNativeTarget section */

/* Begin PBXProject section */
		22BD8C5A24EB40D20086810B /* Project object */ = {
			isa = PBXProject;
			attributes = {
				LastSwiftUpdateCheck = 1160;
				LastUpgradeCheck = 1160;
				ORGANIZATIONNAME = "Maurício de Freitas Sayão";
				TargetAttributes = {
					22BD8C6124EB40D20086810B = {
						CreatedOnToolsVersion = 11.6;
					};
				};
			};
			buildConfigurationList = 22BD8C5D24EB40D20086810B /* Build configuration list for PBXProject "BullsEye" */;
			compatibilityVersion = "Xcode 9.3";
			developmentRegion = en;
			hasScannedForEncodings = 0;
			knownRegions = (
				en,
				Base,
			);
			mainGroup = 22BD8C5924EB40D20086810B;
			productRefGroup = 22BD8C6324EB40D20086810B /* Products */;
			projectDirPath = "";
			projectRoot = "";
			targets = (
				22BD8C6124EB40D20086810B /* BullsEye */,
			);
		};
/* End PBXProject section */

/* Begin PBXResourcesBuildPhase section */
		22BD8C6024EB40D20086810B /* Resources */ = {
			isa = PBXResourcesBuildPhase;
			buildActionMask = 2147483647;
			files = (
				22BD8C7224EB40D30086810B /* LaunchScreen.storyboard in Resources */,
				22A9E10124EF40DB00F3DDB1 /* BullsEye.html in Resources */,
				22BD8C6F24EB40D30086810B /* Assets.xcassets in Resources */,
				22BD8C6D24EB40D20086810B /* Main.storyboard in Resources */,
			);
			runOnlyForDeploymentPostprocessing = 0;
		};
/* End PBXResourcesBuildPhase section */

/* Begin PBXSourcesBuildPhase section */
		22BD8C5E24EB40D20086810B /* Sources */ = {
			isa = PBXSourcesBuildPhase;
			buildActionMask = 2147483647;
			files = (
				22BD8C6A24EB40D20086810B /* ViewController.swift in Sources */,
				22BD8C6624EB40D20086810B /* AppDelegate.swift in Sources */,
				223814F624EDEF1500BA5EDB /* AboutViewController.swift in Sources */,
				22BD8C6824EB40D20086810B /* SceneDelegate.swift in Sources */,
			);
			runOnlyForDeploymentPostprocessing = 0;
		};
/* End PBXSourcesBuildPhase section */

/* Begin PBXVariantGroup section */
		22BD8C6B24EB40D20086810B /* Main.storyboard */ = {
			isa = PBXVariantGroup;
			children = (
				22BD8C6C24EB40D20086810B /* Base */,
			);
			name = Main.storyboard;
			sourceTree = "<group>";
		};
		22BD8C7024EB40D30086810B /* LaunchScreen.storyboard */ = {
			isa = PBXVariantGroup;
			children = (
				22BD8C7124EB40D30086810B /* Base */,
			);
			name = LaunchScreen.storyboard;
			sourceTree = "<group>";
		};
/* End PBXVariantGroup section */

/* Begin XCBuildConfiguration section */
		22BD8C7424EB40D30086810B /* Debug */ = {
			isa = XCBuildConfiguration;
			buildSettings = {
				ALWAYS_SEARCH_USER_PATHS = NO;
				CLANG_ANALYZER_NONNULL = YES;
				CLANG_ANALYZER_NUMBER_OBJECT_CONVERSION = YES_AGGRESSIVE;
				CLANG_CXX_LANGUAGE_STANDARD = "gnu++14";
				CLANG_CXX_LIBRARY = "libc++";
				CLANG_ENABLE_MODULES = YES;
				CLANG_ENABLE_OBJC_ARC = YES;
				CLANG_ENABLE_OBJC_WEAK = YES;
				CLANG_WARN_BLOCK_CAPTURE_AUTORELEASING = YES;
				CLANG_WARN_BOOL_CONVERSION = YES;
				CLANG_WARN_COMMA = YES;
				CLANG_WARN_CONSTANT_CONVERSION = YES;
				CLANG_WARN_DEPRECATED_OBJC_IMPLEMENTATIONS = YES;
				CLANG_WARN_DIRECT_OBJC_ISA_USAGE = YES_ERROR;
				CLANG_WARN_DOCUMENTATION_COMMENTS = YES;
				CLANG_WARN_EMPTY_BODY = YES;
				CLANG_WARN_ENUM_CONVERSION = YES;
				CLANG_WARN_INFINITE_RECURSION = YES;
				CLANG_WARN_INT_CONVERSION = YES;
				CLANG_WARN_NON_LITERAL_NULL_CONVERSION = YES;
				CLANG_WARN_OBJC_IMPLICIT_RETAIN_SELF = YES;
				CLANG_WARN_OBJC_LITERAL_CONVERSION = YES;
				CLANG_WARN_OBJC_ROOT_CLASS = YES_ERROR;
				CLANG_WARN_RANGE_LOOP_ANALYSIS = YES;
				CLANG_WARN_STRICT_PROTOTYPES = YES;
				CLANG_WARN_SUSPICIOUS_MOVE = YES;
				CLANG_WARN_UNGUARDED_AVAILABILITY = YES_AGGRESSIVE;
				CLANG_WARN_UNREACHABLE_CODE = YES;
				CLANG_WARN__DUPLICATE_METHOD_MATCH = YES;
				COPY_PHASE_STRIP = NO;
				DEBUG_INFORMATION_FORMAT = dwarf;
				ENABLE_STRICT_OBJC_MSGSEND = YES;
				ENABLE_TESTABILITY = YES;
				GCC_C_LANGUAGE_STANDARD = gnu11;
				GCC_DYNAMIC_NO_PIC = NO;
				GCC_NO_COMMON_BLOCKS = YES;
				GCC_OPTIMIZATION_LEVEL = 0;
				GCC_PREPROCESSOR_DEFINITIONS = (
					"DEBUG=1",
					"$(inherited)",
				);
				GCC_WARN_64_TO_32_BIT_CONVERSION = YES;
				GCC_WARN_ABOUT_RETURN_TYPE = YES_ERROR;
				GCC_WARN_UNDECLARED_SELECTOR = YES;
				GCC_WARN_UNINITIALIZED_AUTOS = YES_AGGRESSIVE;
				GCC_WARN_UNUSED_FUNCTION = YES;
				GCC_WARN_UNUSED_VARIABLE = YES;
				IPHONEOS_DEPLOYMENT_TARGET = 13.6;
				MTL_ENABLE_DEBUG_INFO = INCLUDE_SOURCE;
				MTL_FAST_MATH = YES;
				ONLY_ACTIVE_ARCH = YES;
				SDKROOT = iphoneos;
				SWIFT_ACTIVE_COMPILATION_CONDITIONS = DEBUG;
				SWIFT_OPTIMIZATION_LEVEL = "-Onone";
			};
			name = Debug;
		};
		22BD8C7524EB40D30086810B /* Release */ = {
			isa = XCBuildConfiguration;
			buildSettings = {
				ALWAYS_SEARCH_USER_PATHS = NO;
				CLANG_ANALYZER_NONNULL = YES;
				CLANG_ANALYZER_NUMBER_OBJECT_CONVERSION = YES_AGGRESSIVE;
				CLANG_CXX_LANGUAGE_STANDARD = "gnu++14";
				CLANG_CXX_LIBRARY = "libc++";
				CLANG_ENABLE_MODULES = YES;
				CLANG_ENABLE_OBJC_ARC = YES;
				CLANG_ENABLE_OBJC_WEAK = YES;
				CLANG_WARN_BLOCK_CAPTURE_AUTORELEASING = YES;
				CLANG_WARN_BOOL_CONVERSION = YES;
				CLANG_WARN_COMMA = YES;
				CLANG_WARN_CONSTANT_CONVERSION = YES;
				CLANG_WARN_DEPRECATED_OBJC_IMPLEMENTATIONS = YES;
				CLANG_WARN_DIRECT_OBJC_ISA_USAGE = YES_ERROR;
				CLANG_WARN_DOCUMENTATION_COMMENTS = YES;
				CLANG_WARN_EMPTY_BODY = YES;
				CLANG_WARN_ENUM_CONVERSION = YES;
				CLANG_WARN_INFINITE_RECURSION = YES;
				CLANG_WARN_INT_CONVERSION = YES;
				CLANG_WARN_NON_LITERAL_NULL_CONVERSION = YES;
				CLANG_WARN_OBJC_IMPLICIT_RETAIN_SELF = YES;
				CLANG_WARN_OBJC_LITERAL_CONVERSION = YES;
				CLANG_WARN_OBJC_ROOT_CLASS = YES_ERROR;
				CLANG_WARN_RANGE_LOOP_ANALYSIS = YES;
				CLANG_WARN_STRICT_PROTOTYPES = YES;
				CLANG_WARN_SUSPICIOUS_MOVE = YES;
				CLANG_WARN_UNGUARDED_AVAILABILITY = YES_AGGRESSIVE;
				CLANG_WARN_UNREACHABLE_CODE = YES;
				CLANG_WARN__DUPLICATE_METHOD_MATCH = YES;
				COPY_PHASE_STRIP = NO;
				DEBUG_INFORMATION_FORMAT = "dwarf-with-dsym";
				ENABLE_NS_ASSERTIONS = NO;
				ENABLE_STRICT_OBJC_MSGSEND = YES;
				GCC_C_LANGUAGE_STANDARD = gnu11;
				GCC_NO_COMMON_BLOCKS = YES;
				GCC_WARN_64_TO_32_BIT_CONVERSION = YES;
				GCC_WARN_ABOUT_RETURN_TYPE = YES_ERROR;
				GCC_WARN_UNDECLARED_SELECTOR = YES;
				GCC_WARN_UNINITIALIZED_AUTOS = YES_AGGRESSIVE;
				GCC_WARN_UNUSED_FUNCTION = YES;
				GCC_WARN_UNUSED_VARIABLE = YES;
				IPHONEOS_DEPLOYMENT_TARGET = 13.6;
				MTL_ENABLE_DEBUG_INFO = NO;
				MTL_FAST_MATH = YES;
				SDKROOT = iphoneos;
				SWIFT_COMPILATION_MODE = wholemodule;
				SWIFT_OPTIMIZATION_LEVEL = "-O";
				VALIDATE_PRODUCT = YES;
			};
			name = Release;
		};
		22BD8C7724EB40D30086810B /* Debug */ = {
			isa = XCBuildConfiguration;
			buildSettings = {
				ASSETCATALOG_COMPILER_APPICON_NAME = AppIcon;
				CODE_SIGN_STYLE = Automatic;
				DEVELOPMENT_TEAM = 4K4R79DB5B;
				INFOPLIST_FILE = BullsEye/Info.plist;
				LD_RUNPATH_SEARCH_PATHS = (
					"$(inherited)",
					"@executable_path/Frameworks",
				);
				PRODUCT_BUNDLE_IDENTIFIER = br.com.mauricio.BullsEye;
				PRODUCT_NAME = "Bull's Eye";
				SWIFT_VERSION = 5.0;
				TARGETED_DEVICE_FAMILY = "1,2";
			};
			name = Debug;
		};
		22BD8C7824EB40D30086810B /* Release */ = {
			isa = XCBuildConfiguration;
			buildSettings = {
				ASSETCATALOG_COMPILER_APPICON_NAME = AppIcon;
				CODE_SIGN_STYLE = Automatic;
				DEVELOPMENT_TEAM = 4K4R79DB5B;
				INFOPLIST_FILE = BullsEye/Info.plist;
				LD_RUNPATH_SEARCH_PATHS = (
					"$(inherited)",
					"@executable_path/Frameworks",
				);
				PRODUCT_BUNDLE_IDENTIFIER = br.com.mauricio.BullsEye;
				PRODUCT_NAME = "Bull's Eye";
				SWIFT_VERSION = 5.0;
				TARGETED_DEVICE_FAMILY = "1,2";
			};
			name = Release;
		};
/* End XCBuildConfiguration section */

/* Begin XCConfigurationList section */
		22BD8C5D24EB40D20086810B /* Build configuration list for PBXProject "BullsEye" */ = {
			isa = XCConfigurationList;
			buildConfigurations = (
				22BD8C7424EB40D30086810B /* Debug */,
				22BD8C7524EB40D30086810B /* Release */,
			);
			defaultConfigurationIsVisible = 0;
			defaultConfigurationName = Release;
		};
		22BD8C7624EB40D30086810B /* Build configuration list for PBXNativeTarget "BullsEye" */ = {
			isa = XCConfigurationList;
			buildConfigurations = (
				22BD8C7724EB40D30086810B /* Debug */,
				22BD8C7824EB40D30086810B /* Release */,
			);
			defaultConfigurationIsVisible = 0;
			defaultConfigurationName = Release;
		};
/* End XCConfigurationList section */
	};
	rootObject = 22BD8C5A24EB40D20086810B /* Project object */;
}
